// !$*UTF8*$!
{
	archiveVersion = 1;
	classes = {
	};
	objectVersion = 46;
	objects = {

/* Begin PBXBuildFile section */
		4AB3FE081C46F7FD008C46E5 /* main.m in Sources */ = {isa = PBXBuildFile; fileRef = 4AB3FE071C46F7FD008C46E5 /* main.m */; };
		4AB3FE0B1C46F7FD008C46E5 /* AppDelegate.m in Sources */ = {isa = PBXBuildFile; fileRef = 4AB3FE0A1C46F7FD008C46E5 /* AppDelegate.m */; };
		4AB3FE0E1C46F7FD008C46E5 /* ViewController.m in Sources */ = {isa = PBXBuildFile; fileRef = 4AB3FE0D1C46F7FD008C46E5 /* ViewController.m */; };
		4AB3FE111C46F7FD008C46E5 /* Main.storyboard in Resources */ = {isa = PBXBuildFile; fileRef = 4AB3FE0F1C46F7FD008C46E5 /* Main.storyboard */; };
		4AB3FE131C46F7FD008C46E5 /* Assets.xcassets in Resources */ = {isa = PBXBuildFile; fileRef = 4AB3FE121C46F7FD008C46E5 /* Assets.xcassets */; };
		4AB3FE161C46F7FD008C46E5 /* LaunchScreen.storyboard in Resources */ = {isa = PBXBuildFile; fileRef = 4AB3FE141C46F7FD008C46E5 /* LaunchScreen.storyboard */; };
/* End PBXBuildFile section */

/* Begin PBXFileReference section */
		4AB3FE031C46F7FD008C46E5 /* Twitterizer.app */ = {isa = PBXFileReference; explicitFileType = wrapper.application; includeInIndex = 0; path = Twitterizer.app; sourceTree = BUILT_PRODUCTS_DIR; };
		4AB3FE071C46F7FD008C46E5 /* main.m */ = {isa = PBXFileReference; lastKnownFileType = sourcecode.c.objc; path = main.m; sourceTree = "<group>"; };
		4AB3FE091C46F7FD008C46E5 /* AppDelegate.h */ = {isa = PBXFileReference; lastKnownFileType = sourcecode.c.h; path = AppDelegate.h; sourceTree = "<group>"; };
		4AB3FE0A1C46F7FD008C46E5 /* AppDelegate.m */ = {isa = PBXFileReference; lastKnownFileType = sourcecode.c.objc; path = AppDelegate.m; sourceTree = "<group>"; };
		4AB3FE0C1C46F7FD008C46E5 /* ViewController.h */ = {isa = PBXFileReference; lastKnownFileType = sourcecode.c.h; path = ViewController.h; sourceTree = "<group>"; };
		4AB3FE0D1C46F7FD008C46E5 /* ViewController.m */ = {isa = PBXFileReference; lastKnownFileType = sourcecode.c.objc; path = ViewController.m; sourceTree = "<group>"; };
		4AB3FE101C46F7FD008C46E5 /* Base */ = {isa = PBXFileReference; lastKnownFileType = file.storyboard; name = Base; path = Base.lproj/Main.storyboard; sourceTree = "<group>"; };
		4AB3FE121C46F7FD008C46E5 /* Assets.xcassets */ = {isa = PBXFileReference; lastKnownFileType = folder.assetcatalog; path = Assets.xcassets; sourceTree = "<group>"; };
		4AB3FE151C46F7FD008C46E5 /* Base */ = {isa = PBXFileReference; lastKnownFileType = file.storyboard; name = Base; path = Base.lproj/LaunchScreen.storyboard; sourceTree = "<group>"; };
		4AB3FE171C46F7FD008C46E5 /* Info.plist */ = {isa = PBXFileReference; lastKnownFileType = text.plist.xml; path = Info.plist; sourceTree = "<group>"; };
/* End PBXFileReference section */

/* Begin PBXFrameworksBuildPhase section */
		4AB3FE001C46F7FD008C46E5 /* Frameworks */ = {
			isa = PBXFrameworksBuildPhase;
			buildActionMask = 2147483647;
			files = (
			);
			runOnlyForDeploymentPostprocessing = 0;
		};
/* End PBXFrameworksBuildPhase section */

/* Begin PBXGroup section */
		4AB3FDFA1C46F7FD008C46E5 = {
			isa = PBXGroup;
			children = (
				4AB3FE051C46F7FD008C46E5 /* Twitterizer */,
				4AB3FE041C46F7FD008C46E5 /* Products */,
			);
			sourceTree = "<group>";
		};
		4AB3FE041C46F7FD008C46E5 /* Products */ = {
			isa = PBXGroup;
			children = (
				4AB3FE031C46F7FD008C46E5 /* Twitterizer.app */,
			);
			name = Products;
			sourceTree = "<group>";
		};
		4AB3FE051C46F7FD008C46E5 /* Twitterizer */ = {
			isa = PBXGroup;
			children = (
				4AB3FE091C46F7FD008C46E5 /* AppDelegate.h */,
				4AB3FE0A1C46F7FD008C46E5 /* AppDelegate.m */,
				4AB3FE0C1C46F7FD008C46E5 /* ViewController.h */,
				4AB3FE0D1C46F7FD008C46E5 /* ViewController.m */,
				4AB3FE0F1C46F7FD008C46E5 /* Main.storyboard */,
				4AB3FE121C46F7FD008C46E5 /* Assets.xcassets */,
				4AB3FE141C46F7FD008C46E5 /* LaunchScreen.storyboard */,
				4AB3FE171C46F7FD008C46E5 /* Info.plist */,
				4AB3FE061C46F7FD008C46E5 /* Supporting Files */,
			);
			path = Twitterizer;
			sourceTree = "<group>";
		};
		4AB3FE061C46F7FD008C46E5 /* Supporting Files */ = {
			isa = PBXGroup;
			children = (
				4AB3FE071C46F7FD008C46E5 /* main.m */,
			);
			name = "Supporting Files";
			sourceTree = "<group>";
		};
/* End PBXGroup section */

/* Begin PBXNativeTarget section */
		4AB3FE021C46F7FD008C46E5 /* Twitterizer */ = {
			isa = PBXNativeTarget;
			buildConfigurationList = 4AB3FE1A1C46F7FD008C46E5 /* Build configuration list for PBXNativeTarget "Twitterizer" */;
			buildPhases = (
				4AB3FDFF1C46F7FD008C46E5 /* Sources */,
				4AB3FE001C46F7FD008C46E5 /* Frameworks */,
				4AB3FE011C46F7FD008C46E5 /* Resources */,
			);
			buildRules = (
			);
			dependencies = (
			);
			name = Twitterizer;
			productName = Twitterizer;
			productReference = 4AB3FE031C46F7FD008C46E5 /* Twitterizer.app */;
			productType = "com.apple.product-type.application";
		};
/* End PBXNativeTarget section */

/* Begin PBXProject section */
		4AB3FDFB1C46F7FD008C46E5 /* Project object */ = {
			isa = PBXProject;
			attributes = {
				LastUpgradeCheck = 0720;
				ORGANIZATIONNAME = "Nicholas Naudé";
				TargetAttributes = {
					4AB3FE021C46F7FD008C46E5 = {
						CreatedOnToolsVersion = 7.2;
						DevelopmentTeam = 7PX37ZY9M9;
					};
				};
			};
			buildConfigurationList = 4AB3FDFE1C46F7FD008C46E5 /* Build configuration list for PBXProject "Twitterizer" */;
			compatibilityVersion = "Xcode 3.2";
			developmentRegion = English;
			hasScannedForEncodings = 0;
			knownRegions = (
				en,
				Base,
			);
			mainGroup = 4AB3FDFA1C46F7FD008C46E5;
			productRefGroup = 4AB3FE041C46F7FD008C46E5 /* Products */;
			projectDirPath = "";
			projectRoot = "";
			targets = (
				4AB3FE021C46F7FD008C46E5 /* Twitterizer */,
			);
		};
/* End PBXProject section */

/* Begin PBXResourcesBuildPhase section */
		4AB3FE011C46F7FD008C46E5 /* Resources */ = {
			isa = PBXResourcesBuildPhase;
			buildActionMask = 2147483647;
			files = (
				4AB3FE161C46F7FD008C46E5 /* LaunchScreen.storyboard in Resources */,
				4AB3FE131C46F7FD008C46E5 /* Assets.xcassets in Resources */,
				4AB3FE111C46F7FD008C46E5 /* Main.storyboard in Resources */,
			);
			runOnlyForDeploymentPostprocessing = 0;
		};
/* End PBXResourcesBuildPhase section */

/* Begin PBXSourcesBuildPhase section */
		4AB3FDFF1C46F7FD008C46E5 /* Sources */ = {
			isa = PBXSourcesBuildPhase;
			buildActionMask = 2147483647;
			files = (
				4AB3FE0E1C46F7FD008C46E5 /* ViewController.m in Sources */,
				4AB3FE0B1C46F7FD008C46E5 /* AppDelegate.m in Sources */,
				4AB3FE081C46F7FD008C46E5 /* main.m in Sources */,
			);
			runOnlyForDeploymentPostprocessing = 0;
		};
/* End PBXSourcesBuildPhase section */

/* Begin PBXVariantGroup section */
		4AB3FE0F1C46F7FD008C46E5 /* Main.storyboard */ = {
			isa = PBXVariantGroup;
			children = (
				4AB3FE101C46F7FD008C46E5 /* Base */,
			);
			name = Main.storyboard;
			sourceTree = "<group>";
		};
		4AB3FE141C46F7FD008C46E5 /* LaunchScreen.storyboard */ = {
			isa = PBXVariantGroup;
			children = (
				4AB3FE151C46F7FD008C46E5 /* Base */,
			);
			name = LaunchScreen.storyboard;
			sourceTree = "<group>";
		};
/* End PBXVariantGroup section */

/* Begin XCBuildConfiguration section */
		4AB3FE181C46F7FD008C46E5 /* Debug */ = {
			isa = XCBuildConfiguration;
			buildSettings = {
				ALWAYS_SEARCH_USER_PATHS = NO;
				CLANG_CXX_LANGUAGE_STANDARD = "gnu++0x";
				CLANG_CXX_LIBRARY = "libc++";
				CLANG_ENABLE_MODULES = YES;
				CLANG_ENABLE_OBJC_ARC = YES;
				CLANG_WARN_BOOL_CONVERSION = YES;
				CLANG_WARN_CONSTANT_CONVERSION = YES;
				CLANG_WARN_DIRECT_OBJC_ISA_USAGE = YES_ERROR;
				CLANG_WARN_EMPTY_BODY = YES;
				CLANG_WARN_ENUM_CONVERSION = YES;
				CLANG_WARN_INT_CONVERSION = YES;
				CLANG_WARN_OBJC_ROOT_CLASS = YES_ERROR;
				CLANG_WARN_UNREACHABLE_CODE = YES;
				CLANG_WARN__DUPLICATE_METHOD_MATCH = YES;
				"CODE_SIGN_IDENTITY[sdk=iphoneos*]" = "iPhone Developer";
				COPY_PHASE_STRIP = NO;
				DEBUG_INFORMATION_FORMAT = dwarf;
				ENABLE_STRICT_OBJC_MSGSEND = YES;
				ENABLE_TESTABILITY = YES;
				GCC_C_LANGUAGE_STANDARD = gnu99;
				GCC_DYNAMIC_NO_PIC = NO;
				GCC_NO_COMMON_BLOCKS = YES;
				GCC_OPTIMIZATION_LEVEL = 0;
				GCC_PREPROCESSOR_DEFINITIONS = (
					"DEBUG=1",
					"$(inherited)",
				);
				GCC_WARN_64_TO_32_BIT_CONVERSION = YES;
				GCC_WARN_ABOUT_RETURN_TYPE = YES_ERROR;
				GCC_WARN_UNDECLARED_SELECTOR = YES;
				GCC_WARN_UNINITIALIZED_AUTOS = YES_AGGRESSIVE;
				GCC_WARN_UNUSED_FUNCTION = YES;
				GCC_WARN_UNUSED_VARIABLE = YES;
				IPHONEOS_DEPLOYMENT_TARGET = 9.2;
				MTL_ENABLE_DEBUG_INFO = YES;
				ONLY_ACTIVE_ARCH = YES;
				SDKROOT = iphoneos;
			};
			name = Debug;
		};
		4AB3FE191C46F7FD008C46E5 /* Release */ = {
			isa = XCBuildConfiguration;
			buildSettings = {
				ALWAYS_SEARCH_USER_PATHS = NO;
				CLANG_CXX_LANGUAGE_STANDARD = "gnu++0x";
				CLANG_CXX_LIBRARY = "libc++";
				CLANG_ENABLE_MODULES = YES;
				CLANG_ENABLE_OBJC_ARC = YES;
				CLANG_WARN_BOOL_CONVERSION = YES;
				CLANG_WARN_CONSTANT_CONVERSION = YES;
				CLANG_WARN_DIRECT_OBJC_ISA_USAGE = YES_ERROR;
				CLANG_WARN_EMPTY_BODY = YES;
				CLANG_WARN_ENUM_CONVERSION = YES;
				CLANG_WARN_INT_CONVERSION = YES;
				CLANG_WARN_OBJC_ROOT_CLASS = YES_ERROR;
				CLANG_WARN_UNREACHABLE_CODE = YES;
				CLANG_WARN__DUPLICATE_METHOD_MATCH = YES;
				"CODE_SIGN_IDENTITY[sdk=iphoneos*]" = "iPhone Developer";
				COPY_PHASE_STRIP = NO;
				DEBUG_INFORMATION_FORMAT = "dwarf-with-dsym";
				ENABLE_NS_ASSERTIONS = NO;
				ENABLE_STRICT_OBJC_MSGSEND = YES;
				GCC_C_LANGUAGE_STANDARD = gnu99;
				GCC_NO_COMMON_BLOCKS = YES;
				GCC_WARN_64_TO_32_BIT_CONVERSION = YES;
				GCC_WARN_ABOUT_RETURN_TYPE = YES_ERROR;
				GCC_WARN_UNDECLARED_SELECTOR = YES;
				GCC_WARN_UNINITIALIZED_AUTOS = YES_AGGRESSIVE;
				GCC_WARN_UNUSED_FUNCTION = YES;
				GCC_WARN_UNUSED_VARIABLE = YES;
				IPHONEOS_DEPLOYMENT_TARGET = 9.2;
				MTL_ENABLE_DEBUG_INFO = NO;
				SDKROOT = iphoneos;
				VALIDATE_PRODUCT = YES;
			};
			name = Release;
		};
		4AB3FE1B1C46F7FD008C46E5 /* Debug */ = {
			isa = XCBuildConfiguration;
			buildSettings = {
				ASSETCATALOG_COMPILER_APPICON_NAME = AppIcon;
				INFOPLIST_FILE = Twitterizer/Info.plist;
				IPHONEOS_DEPLOYMENT_TARGET = 9.0;
				LD_RUNPATH_SEARCH_PATHS = "$(inherited) @executable_path/Frameworks";
				PRODUCT_BUNDLE_IDENTIFIER = com.nicholasnaude.Twitterizer;
				PRODUCT_NAME = "$(TARGET_NAME)";
			};
			name = Debug;
		};
		4AB3FE1C1C46F7FD008C46E5 /* Release */ = {
			isa = XCBuildConfiguration;
			buildSettings = {
				ASSETCATALOG_COMPILER_APPICON_NAME = AppIcon;
				INFOPLIST_FILE = Twitterizer/Info.plist;
				IPHONEOS_DEPLOYMENT_TARGET = 9.0;
				LD_RUNPATH_SEARCH_PATHS = "$(inherited) @executable_path/Frameworks";
				PRODUCT_BUNDLE_IDENTIFIER = com.nicholasnaude.Twitterizer;
				PRODUCT_NAME = "$(TARGET_NAME)";
			};
			name = Release;
		};
/* End XCBuildConfiguration section */

/* Begin XCConfigurationList section */
		4AB3FDFE1C46F7FD008C46E5 /* Build configuration list for PBXProject "Twitterizer" */ = {
			isa = XCConfigurationList;
			buildConfigurations = (
				4AB3FE181C46F7FD008C46E5 /* Debug */,
				4AB3FE191C46F7FD008C46E5 /* Release */,
			);
			defaultConfigurationIsVisible = 0;
			defaultConfigurationName = Release;
		};
		4AB3FE1A1C46F7FD008C46E5 /* Build configuration list for PBXNativeTarget "Twitterizer" */ = {
			isa = XCConfigurationList;
			buildConfigurations = (
				4AB3FE1B1C46F7FD008C46E5 /* Debug */,
				4AB3FE1C1C46F7FD008C46E5 /* Release */,
			);
			defaultConfigurationIsVisible = 0;
			defaultConfigurationName = Release;
		};
/* End XCConfigurationList section */
	};
	rootObject = 4AB3FDFB1C46F7FD008C46E5 /* Project object */;
}
